
Microsoft Visual Studio Solution File, Format Version 12.00
# Visual Studio Version 17
VisualStudioVersion = 17.6.33829.357
MinimumVisualStudioVersion = 10.0.40219.1
Project("{FAE04EC0-301F-11D3-BF4B-00C04F79EFBC}") = "NLayer.Repository", "NLayer.Repository\NLayer.Repository.csproj", "{7F04EC59-A03F-4F6B-BCD7-D08FBE46CFCE}"
EndProject
Project("{FAE04EC0-301F-11D3-BF4B-00C04F79EFBC}") = "NLayer.Core", "NLayer.Core\NLayer.Core.csproj", "{FD1A76E4-6FE4-4D28-BCB3-1A8247820EDA}"
EndProject
Project("{FAE04EC0-301F-11D3-BF4B-00C04F79EFBC}") = "NLayer.Caching", "NLayer.Caching\NLayer.Caching.csproj", "{BEEC335D-1BAF-4DCA-9CD0-D0745BE62EED}"
EndProject
Project("{FAE04EC0-301F-11D3-BF4B-00C04F79EFBC}") = "NLayer.Service", "NLayer.Service\NLayer.Service.csproj", "{D36A6F10-80D3-43FF-AB02-E729EE938F9C}"
EndProject
Project("{FAE04EC0-301F-11D3-BF4B-00C04F79EFBC}") = "NLayer.API", "NLayer.API\NLayer.API.csproj", "{9319F61D-3B50-4A8A-A451-534D1A08AEDD}"
EndProject
Global
	GlobalSection(SolutionConfigurationPlatforms) = preSolution
		Debug|Any CPU = Debug|Any CPU
		Release|Any CPU = Release|Any CPU
	EndGlobalSection
	GlobalSection(ProjectConfigurationPlatforms) = postSolution
		{7F04EC59-A03F-4F6B-BCD7-D08FBE46CFCE}.Debug|Any CPU.ActiveCfg = Debug|Any CPU
		{7F04EC59-A03F-4F6B-BCD7-D08FBE46CFCE}.Debug|Any CPU.Build.0 = Debug|Any CPU
		{7F04EC59-A03F-4F6B-BCD7-D08FBE46CFCE}.Release|Any CPU.ActiveCfg = Release|Any CPU
		{7F04EC59-A03F-4F6B-BCD7-D08FBE46CFCE}.Release|Any CPU.Build.0 = Release|Any CPU
		{FD1A76E4-6FE4-4D28-BCB3-1A8247820EDA}.Debug|Any CPU.ActiveCfg = Debug|Any CPU
		{FD1A76E4-6FE4-4D28-BCB3-1A8247820EDA}.Debug|Any CPU.Build.0 = Debug|Any CPU
		{FD1A76E4-6FE4-4D28-BCB3-1A8247820EDA}.Release|Any CPU.ActiveCfg = Release|Any CPU
		{FD1A76E4-6FE4-4D28-BCB3-1A8247820EDA}.Release|Any CPU.Build.0 = Release|Any CPU
		{BEEC335D-1BAF-4DCA-9CD0-D0745BE62EED}.Debug|Any CPU.ActiveCfg = Debug|Any CPU
		{BEEC335D-1BAF-4DCA-9CD0-D0745BE62EED}.Debug|Any CPU.Build.0 = Debug|Any CPU
		{BEEC335D-1BAF-4DCA-9CD0-D0745BE62EED}.Release|Any CPU.ActiveCfg = Release|Any CPU
		{BEEC335D-1BAF-4DCA-9CD0-D0745BE62EED}.Release|Any CPU.Build.0 = Release|Any CPU
		{D36A6F10-80D3-43FF-AB02-E729EE938F9C}.Debug|Any CPU.ActiveCfg = Debug|Any CPU
		{D36A6F10-80D3-43FF-AB02-E729EE938F9C}.Debug|Any CPU.Build.0 = Debug|Any CPU
		{D36A6F10-80D3-43FF-AB02-E729EE938F9C}.Release|Any CPU.ActiveCfg = Release|Any CPU
		{D36A6F10-80D3-43FF-AB02-E729EE938F9C}.Release|Any CPU.Build.0 = Release|Any CPU
		{9319F61D-3B50-4A8A-A451-534D1A08AEDD}.Debug|Any CPU.ActiveCfg = Debug|Any CPU
		{9319F61D-3B50-4A8A-A451-534D1A08AEDD}.Debug|Any CPU.Build.0 = Debug|Any CPU
		{9319F61D-3B50-4A8A-A451-534D1A08AEDD}.Release|Any CPU.ActiveCfg = Release|Any CPU
		{9319F61D-3B50-4A8A-A451-534D1A08AEDD}.Release|Any CPU.Build.0 = Release|Any CPU
	EndGlobalSection
	GlobalSection(SolutionProperties) = preSolution
		HideSolutionNode = FALSE
	EndGlobalSection
	GlobalSection(ExtensibilityGlobals) = postSolution
		SolutionGuid = {314994BC-6C2D-4822-A269-6BB547CD3DC6}
	EndGlobalSection
EndGlobal
